
Microsoft Visual Studio Solution File, Format Version 12.00
# Visual Studio 15
VisualStudioVersion = 15.0.28307.1082
MinimumVisualStudioVersion = 10.0.40219.1
Project("{FAE04EC0-301F-11D3-BF4B-00C04F79EFBC}") = "CodeChallengeCracker", "CodeChallengeCracker\CodeChallengeCracker.csproj", "{D2E47B31-2E0D-439D-BB16-DC44054C85F9}"
EndProject
Global
	GlobalSection(SolutionConfigurationPlatforms) = preSolution
		Debug|Any CPU = Debug|Any CPU
		Release|Any CPU = Release|Any CPU
	EndGlobalSection
	GlobalSection(ProjectConfigurationPlatforms) = postSolution
		{D2E47B31-2E0D-439D-BB16-DC44054C85F9}.Debug|Any CPU.ActiveCfg = Debug|Any CPU
		{D2E47B31-2E0D-439D-BB16-DC44054C85F9}.Debug|Any CPU.Build.0 = Debug|Any CPU
		{D2E47B31-2E0D-439D-BB16-DC44054C85F9}.Release|Any CPU.ActiveCfg = Release|Any CPU
		{D2E47B31-2E0D-439D-BB16-DC44054C85F9}.Release|Any CPU.Build.0 = Release|Any CPU
	EndGlobalSection
	GlobalSection(SolutionProperties) = preSolution
		HideSolutionNode = FALSE
	EndGlobalSection
	GlobalSection(ExtensibilityGlobals) = postSolution
		SolutionGuid = {83432D1C-4F8A-4698-B67F-0EA9041A6276}
	EndGlobalSection
EndGlobal
